<?xml version="1.0" encoding="utf-8"?>
<Project ToolsVersion="4.0" xmlns="http://schemas.microsoft.com/developer/msbuild/2003">
  <ItemGroup>
    <Filter Include="src">
      <UniqueIdentifier>{3fb4a60e-c84e-4561-9f88-3665c117a1b6}</UniqueIdentifier>
    </Filter>
    <Filter Include="include">
      <UniqueIdentifier>{b0eab63e-caae-477f-ba40-dfccd0a2ca86}</UniqueIdentifier>
    </Filter>
    <Filter Include="resource">
      <UniqueIdentifier>{29625a18-356a-4fa1-9f25-e72742c1a766}</UniqueIdentifier>
    </Filter>
  </ItemGroup>
  <ItemGroup>
    <ClCompile Include="..\..\jbig\libjbig\jbig.c">
      <Filter>src</Filter>
    </ClCompile>
    <ClCompile Include="..\..\jbig\libjbig\jbig_tab.c">
      <Filter>src</Filter>
    </ClCompile>
  </ItemGroup>
  <ItemGroup>
    <ResourceCompile Include="jbig.rc">
      <Filter>src</Filter>
    </ResourceCompile>
  </ItemGroup>
  <ItemGroup>
    <ClInclude Include="..\..\jbig\libjbig\jbig.h">
      <Filter>include</Filter>
    </ClInclude>
  </ItemGroup>
</Project>