<?xml version="1.0" encoding="utf-8"?>
<Project ToolsVersion="4.0" xmlns="http://schemas.microsoft.com/developer/msbuild/2003">
  <ItemGroup>
    <Filter Include="src">
      <UniqueIdentifier>{591c95ec-57b9-4937-9cae-e57d3b4f4a89}</UniqueIdentifier>
    </Filter>
    <Filter Include="include">
      <UniqueIdentifier>{bb47a768-65d0-4906-887f-0849f258b6de}</UniqueIdentifier>
    </Filter>
    <Filter Include="resource">
      <UniqueIdentifier>{61a484a4-1d49-41d0-ad49-6dde99f22a69}</UniqueIdentifier>
    </Filter>
  </ItemGroup>
  <ItemGroup>
    <ClCompile Include="..\..\filters\analyze.c">
      <Filter>src</Filter>
    </ClCompile>
  </ItemGroup>
</Project>