<?xml version="1.0" encoding="utf-8"?>
<Project ToolsVersion="4.0" xmlns="http://schemas.microsoft.com/developer/msbuild/2003">
  <ItemGroup>
    <Filter Include="src">
      <UniqueIdentifier>{bcd735a9-fa0d-4293-a961-dc8fcf80cc75}</UniqueIdentifier>
    </Filter>
    <Filter Include="include">
      <UniqueIdentifier>{3d00b802-0c82-4fb8-a0ed-7934aab46303}</UniqueIdentifier>
    </Filter>
    <Filter Include="resource">
      <UniqueIdentifier>{c6549501-66ec-4cdf-82bb-cdf6b03f0e89}</UniqueIdentifier>
    </Filter>
  </ItemGroup>
  <ItemGroup>
    <ResourceCompile Include="..\..\magick\ImageMagick.rc">
      <Filter>src</Filter>
    </ResourceCompile>
  </ItemGroup>
  <ItemGroup>
    <ClCompile Include="..\..\utilities\import.c">
      <Filter>src</Filter>
    </ClCompile>
  </ItemGroup>
</Project>