<?xml version="1.0" encoding="utf-8"?>
<Project ToolsVersion="4.0" xmlns="http://schemas.microsoft.com/developer/msbuild/2003">
  <ItemGroup>
    <Filter Include="src">
      <UniqueIdentifier>{c7232b18-0732-436a-89f3-c66df5622e85}</UniqueIdentifier>
    </Filter>
    <Filter Include="include">
      <UniqueIdentifier>{585e39be-0af2-4a7d-8b07-2f4bb5013bf3}</UniqueIdentifier>
    </Filter>
    <Filter Include="resource">
      <UniqueIdentifier>{62a8c147-6670-421f-865c-3b8c1ebff8b9}</UniqueIdentifier>
    </Filter>
  </ItemGroup>
  <ItemGroup>
    <ResourceCompile Include="..\..\magick\ImageMagick.rc">
      <Filter>src</Filter>
    </ResourceCompile>
  </ItemGroup>
  <ItemGroup>
    <ClCompile Include="..\..\utilities\display.c">
      <Filter>src</Filter>
    </ClCompile>
  </ItemGroup>
</Project>