<?xml version="1.0" encoding="utf-8"?>
<Project ToolsVersion="4.0" xmlns="http://schemas.microsoft.com/developer/msbuild/2003">
  <ItemGroup>
    <Filter Include="src">
      <UniqueIdentifier>{3c94c60f-e91c-44d3-91cd-cd5a6eac1345}</UniqueIdentifier>
    </Filter>
    <Filter Include="include">
      <UniqueIdentifier>{7b80c34a-ccdd-4d3a-a154-75c64320b22a}</UniqueIdentifier>
    </Filter>
    <Filter Include="resource">
      <UniqueIdentifier>{5533dc3f-c5f6-4e0c-9579-26cc1ad05d84}</UniqueIdentifier>
    </Filter>
  </ItemGroup>
  <ItemGroup>
    <ResourceCompile Include="..\..\magick\ImageMagick.rc">
      <Filter>src</Filter>
    </ResourceCompile>
  </ItemGroup>
  <ItemGroup>
    <ClCompile Include="..\..\utilities\mogrify.c">
      <Filter>src</Filter>
    </ClCompile>
  </ItemGroup>
</Project>