<?xml version="1.0" encoding="utf-8"?>
<Project ToolsVersion="4.0" xmlns="http://schemas.microsoft.com/developer/msbuild/2003">
  <ItemGroup>
    <Filter Include="src">
      <UniqueIdentifier>{67057834-1a80-4ef6-bd47-b48dd73bc19d}</UniqueIdentifier>
    </Filter>
    <Filter Include="include">
      <UniqueIdentifier>{c4f86b19-5fc0-4195-ba9e-8f7232e7af56}</UniqueIdentifier>
    </Filter>
    <Filter Include="resource">
      <UniqueIdentifier>{2bf13028-ee10-4a1a-b4fd-314bbeee0485}</UniqueIdentifier>
    </Filter>
  </ItemGroup>
  <ItemGroup>
    <ClCompile Include="..\..\..\win2k\IMDisplay\ChildFrm.cpp">
      <Filter>src</Filter>
    </ClCompile>
    <ClCompile Include="..\..\..\win2k\IMDisplay\IMDisplay.cpp">
      <Filter>src</Filter>
    </ClCompile>
    <ClCompile Include="..\..\..\win2k\IMDisplay\IMDisplayDoc.cpp">
      <Filter>src</Filter>
    </ClCompile>
    <ClCompile Include="..\..\..\win2k\IMDisplay\IMDisplayView.cpp">
      <Filter>src</Filter>
    </ClCompile>
    <ClCompile Include="..\..\..\win2k\IMDisplay\MainFrm.cpp">
      <Filter>src</Filter>
    </ClCompile>
    <ClCompile Include="..\..\..\win2k\IMDisplay\ResizeDialog.cpp">
      <Filter>src</Filter>
    </ClCompile>
    <ClCompile Include="..\..\..\win2k\IMDisplay\RollDialog.cpp">
      <Filter>src</Filter>
    </ClCompile>
    <ClCompile Include="..\..\..\win2k\IMDisplay\RotateDialog.cpp">
      <Filter>src</Filter>
    </ClCompile>
    <ClCompile Include="..\..\..\win2k\IMDisplay\ShearDialog.cpp">
      <Filter>src</Filter>
    </ClCompile>
    <ClCompile Include="..\..\..\win2k\IMDisplay\StdAfx.cpp">
      <Filter>src</Filter>
    </ClCompile>
  </ItemGroup>
  <ItemGroup>
    <ClInclude Include="..\..\..\win2k\IMDisplay\ChildFrm.h">
      <Filter>include</Filter>
    </ClInclude>
    <ClInclude Include="..\..\..\win2k\IMDisplay\IMDisplay.h">
      <Filter>include</Filter>
    </ClInclude>
    <ClInclude Include="..\..\..\win2k\IMDisplay\IMDisplayDoc.h">
      <Filter>include</Filter>
    </ClInclude>
    <ClInclude Include="..\..\..\win2k\IMDisplay\IMDisplayView.h">
      <Filter>include</Filter>
    </ClInclude>
    <ClInclude Include="..\..\..\win2k\IMDisplay\MainFrm.h">
      <Filter>include</Filter>
    </ClInclude>
    <ClInclude Include="..\..\..\win2k\IMDisplay\ResizeDialog.h">
      <Filter>include</Filter>
    </ClInclude>
    <ClInclude Include="..\..\..\win2k\IMDisplay\Resource.h">
      <Filter>include</Filter>
    </ClInclude>
    <ClInclude Include="..\..\..\win2k\IMDisplay\RollDialog.h">
      <Filter>include</Filter>
    </ClInclude>
    <ClInclude Include="..\..\..\win2k\IMDisplay\RotateDialog.h">
      <Filter>include</Filter>
    </ClInclude>
    <ClInclude Include="..\..\..\win2k\IMDisplay\ShearDialog.h">
      <Filter>include</Filter>
    </ClInclude>
    <ClInclude Include="..\..\..\win2k\IMDisplay\StdAfx.h">
      <Filter>include</Filter>
    </ClInclude>
  </ItemGroup>
  <ItemGroup>
    <ResourceCompile Include="..\..\..\win2k\IMDisplay\IMDisplay.rc">
      <Filter>resource</Filter>
    </ResourceCompile>
  </ItemGroup>
</Project>