Microsoft Visual Studio Solution File, Format Version 7.00
Project("{8BC9CEB8-8B4A-11D0-8D11-00A0C91BC942}") = "All", ".\All\All.vcproj", "{BB5168FF-A07B-4856-8FAF-A4874D36DE59}"
Project("{8BC9CEB8-8B4A-11D0-8D11-00A0C91BC942}") = "CORE_bzlib", ".\bzlib\CORE_bzlib_xt_lib.vcproj", "{06C5FEA3-6EA3-4085-987A-7F8092F51A20}"
EndProject
Project("{8BC9CEB8-8B4A-11D0-8D11-00A0C91BC942}") = "CORE_filters", ".\filters\CORE_filters_xt_lib.vcproj", "{F26138CA-140D-4CB4-A5F2-BAC0C90F4A1A}"
EndProject
Project("{8BC9CEB8-8B4A-11D0-8D11-00A0C91BC942}") = "CORE_jbig", ".\jbig\CORE_jbig_xt_lib.vcproj", "{2ED67066-BF1F-43B6-9908-A3A136B5022C}"
EndProject
Project("{8BC9CEB8-8B4A-11D0-8D11-00A0C91BC942}") = "CORE_jp2", ".\jp2\CORE_jp2_xt_lib.vcproj", "{83F467D0-0E54-4259-975D-4B6DA61DFC00}"
EndProject
Project("{8BC9CEB8-8B4A-11D0-8D11-00A0C91BC942}") = "CORE_jpeg", ".\jpeg\CORE_jpeg_xt_lib.vcproj", "{D37FBD70-B51A-45A3-AB99-87390DD5DC13}"
EndProject
Project("{8BC9CEB8-8B4A-11D0-8D11-00A0C91BC942}") = "CORE_lcms", ".\lcms\CORE_lcms_xt_lib.vcproj", "{42F8E7F8-2A4F-4CCA-A539-29714326C74F}"
EndProject
Project("{8BC9CEB8-8B4A-11D0-8D11-00A0C91BC942}") = "CORE_libxml", ".\libxml\CORE_libxml_xt_lib.vcproj", "{E4B13D47-C0D3-462C-BE6C-9F7B0563F216}"
EndProject
Project("{8BC9CEB8-8B4A-11D0-8D11-00A0C91BC942}") = "CORE_magick", ".\magick\CORE_magick_xt_lib.vcproj", "{D5D57B4B-3748-456C-9979-C4621C09C9DA}"
EndProject
Project("{8BC9CEB8-8B4A-11D0-8D11-00A0C91BC942}") = "CORE_Magick++", ".\Magick++\CORE_Magick++_xt_lib.vcproj", "{01ABB967-4958-46DB-8EB5-D9FB799D8607}"
EndProject
Project("{8BC9CEB8-8B4A-11D0-8D11-00A0C91BC942}") = "CORE_png", ".\png\CORE_png_xt_lib.vcproj", "{A7B76524-E453-4569-A728-5ECD93949893}"
EndProject
Project("{8BC9CEB8-8B4A-11D0-8D11-00A0C91BC942}") = "CORE_tiff", ".\tiff\CORE_tiff_xt_lib.vcproj", "{55A8224A-7F48-42BD-B51B-0C640F365B7A}"
EndProject
Project("{8BC9CEB8-8B4A-11D0-8D11-00A0C91BC942}") = "CORE_ttf", ".\ttf\CORE_ttf_xt_lib.vcproj", "{223C3BE3-D8A4-4B38-A48A-D63C3211C7D3}"
EndProject
Project("{8BC9CEB8-8B4A-11D0-8D11-00A0C91BC942}") = "CORE_wand", ".\wand\CORE_wand_xt_lib.vcproj", "{6860EB49-9991-45AC-83CE-1462AD7E69F0}"
EndProject
Project("{8BC9CEB8-8B4A-11D0-8D11-00A0C91BC942}") = "CORE_xlib", ".\xlib\CORE_xlib_xt_lib.vcproj", "{4D4CE72B-25C2-4AD4-B914-4D6FE9B21FB9}"
EndProject
Project("{8BC9CEB8-8B4A-11D0-8D11-00A0C91BC942}") = "CORE_zlib", ".\zlib\CORE_zlib_xt_lib.vcproj", "{30ED8593-6AEF-49B4-BCDF-CC7824B07150}"
EndProject
Project("{8BC9CEB8-8B4A-11D0-8D11-00A0C91BC942}") = "CORE_wmf", ".\wmf\CORE_wmf_xt_lib.vcproj", "{296EB50E-B452-4AEE-BAD8-DD9525458F58}"
EndProject
Project("{8BC9CEB8-8B4A-11D0-8D11-00A0C91BC942}") = "UTIL_animate", ".\utilities\UTIL_animate_xt_exe.vcproj", "{A128F4EC-4BF1-4CC4-AE28-BD3681D51C71}"
EndProject
Project("{8BC9CEB8-8B4A-11D0-8D11-00A0C91BC942}") = "UTIL_compare", ".\utilities\UTIL_compare_xt_exe.vcproj", "{099764FF-5E0F-465E-89EA-BC1C7B257C9C}"
EndProject
Project("{8BC9CEB8-8B4A-11D0-8D11-00A0C91BC942}") = "UTIL_composite", ".\utilities\UTIL_composite_xt_exe.vcproj", "{0D48CD90-4B24-4D87-B23A-93D67CE9C1C9}"
EndProject
Project("{8BC9CEB8-8B4A-11D0-8D11-00A0C91BC942}") = "UTIL_conjure", ".\utilities\UTIL_conjure_xt_exe.vcproj", "{16907601-4559-4342-B144-575B738EAA76}"
EndProject
Project("{8BC9CEB8-8B4A-11D0-8D11-00A0C91BC942}") = "UTIL_convert", ".\utilities\UTIL_convert_xt_exe.vcproj", "{ABC04303-0C46-45C7-8786-7366377FBE0C}"
EndProject
Project("{8BC9CEB8-8B4A-11D0-8D11-00A0C91BC942}") = "UTIL_display", ".\utilities\UTIL_display_xt_exe.vcproj", "{66FC1207-FD3B-40E4-96DD-DBC96AE768F3}"
EndProject
Project("{8BC9CEB8-8B4A-11D0-8D11-00A0C91BC942}") = "UTIL_identify", ".\utilities\UTIL_identify_xt_exe.vcproj", "{D6C181AF-ECDA-45D2-AD7F-FCBF3ADD427A}"
EndProject
Project("{8BC9CEB8-8B4A-11D0-8D11-00A0C91BC942}") = "UTIL_import", ".\utilities\UTIL_import_xt_exe.vcproj", "{E3A57654-A900-4736-9FFD-ED04930FC5E2}"
EndProject
Project("{8BC9CEB8-8B4A-11D0-8D11-00A0C91BC942}") = "UTIL_mogrify", ".\utilities\UTIL_mogrify_xt_exe.vcproj", "{77A8F157-4E37-4021-8D09-BCFF04F0CAC1}"
EndProject
Project("{8BC9CEB8-8B4A-11D0-8D11-00A0C91BC942}") = "UTIL_montage", ".\utilities\UTIL_montage_xt_exe.vcproj", "{D80FB8DE-6DF5-4666-B4A2-E9E4223A03FF}"
EndProject
Project("{8BC9CEB8-8B4A-11D0-8D11-00A0C91BC942}") = "UTIL_stream", ".\utilities\UTIL_stream_xt_exe.vcproj", "{E3AC4151-CA69-4A45-88C0-08BBCBBA44A0}"
EndProject
Project("{8BC9CEB8-8B4A-11D0-8D11-00A0C91BC942}") = "UTIL_IMDisplay", ".\win2k\IMDisplay\UTIL_IMDisplay_xt_exe.vcproj", "{2072863E-07BD-428D-BAFA-C6F5CD02204E}"
EndProject
EndProject
Global
	GlobalSection(SolutionConfiguration) = preSolution
		ConfigName.0 = Debug
		ConfigName.1 = Release
	EndGlobalSection
	GlobalSection(ProjectDependencies) = postSolution
		{BB5168FF-A07B-4856-8FAF-A4874D36DE59}.0 = {30ED8593-6AEF-49B4-BCDF-CC7824B07150}
		{BB5168FF-A07B-4856-8FAF-A4874D36DE59}.1 = {06C5FEA3-6EA3-4085-987A-7F8092F51A20}
		{BB5168FF-A07B-4856-8FAF-A4874D36DE59}.2 = {D37FBD70-B51A-45A3-AB99-87390DD5DC13}
		{BB5168FF-A07B-4856-8FAF-A4874D36DE59}.3 = {F26138CA-140D-4CB4-A5F2-BAC0C90F4A1A}
		{BB5168FF-A07B-4856-8FAF-A4874D36DE59}.4 = {2ED67066-BF1F-43B6-9908-A3A136B5022C}
		{BB5168FF-A07B-4856-8FAF-A4874D36DE59}.5 = {83F467D0-0E54-4259-975D-4B6DA61DFC00}
		{BB5168FF-A07B-4856-8FAF-A4874D36DE59}.6 = {42F8E7F8-2A4F-4CCA-A539-29714326C74F}
		{BB5168FF-A07B-4856-8FAF-A4874D36DE59}.7 = {E4B13D47-C0D3-462C-BE6C-9F7B0563F216}
		{BB5168FF-A07B-4856-8FAF-A4874D36DE59}.8 = {A7B76524-E453-4569-A728-5ECD93949893}
		{BB5168FF-A07B-4856-8FAF-A4874D36DE59}.9 = {55A8224A-7F48-42BD-B51B-0C640F365B7A}
		{BB5168FF-A07B-4856-8FAF-A4874D36DE59}.10 = {223C3BE3-D8A4-4B38-A48A-D63C3211C7D3}
		{BB5168FF-A07B-4856-8FAF-A4874D36DE59}.11 = {6860EB49-9991-45AC-83CE-1462AD7E69F0}
		{BB5168FF-A07B-4856-8FAF-A4874D36DE59}.12 = {4D4CE72B-25C2-4AD4-B914-4D6FE9B21FB9}
		{BB5168FF-A07B-4856-8FAF-A4874D36DE59}.13 = {296EB50E-B452-4AEE-BAD8-DD9525458F58}
		{BB5168FF-A07B-4856-8FAF-A4874D36DE59}.14 = {D5D57B4B-3748-456C-9979-C4621C09C9DA}
		{BB5168FF-A07B-4856-8FAF-A4874D36DE59}.15 = {01ABB967-4958-46DB-8EB5-D9FB799D8607}
		{BB5168FF-A07B-4856-8FAF-A4874D36DE59}.16 = {A128F4EC-4BF1-4CC4-AE28-BD3681D51C71}
		{BB5168FF-A07B-4856-8FAF-A4874D36DE59}.17 = {099764FF-5E0F-465E-89EA-BC1C7B257C9C}
		{BB5168FF-A07B-4856-8FAF-A4874D36DE59}.18 = {0D48CD90-4B24-4D87-B23A-93D67CE9C1C9}
		{BB5168FF-A07B-4856-8FAF-A4874D36DE59}.19 = {16907601-4559-4342-B144-575B738EAA76}
		{BB5168FF-A07B-4856-8FAF-A4874D36DE59}.20 = {ABC04303-0C46-45C7-8786-7366377FBE0C}
		{BB5168FF-A07B-4856-8FAF-A4874D36DE59}.21 = {66FC1207-FD3B-40E4-96DD-DBC96AE768F3}
		{BB5168FF-A07B-4856-8FAF-A4874D36DE59}.22 = {D6C181AF-ECDA-45D2-AD7F-FCBF3ADD427A}
		{BB5168FF-A07B-4856-8FAF-A4874D36DE59}.23 = {E3A57654-A900-4736-9FFD-ED04930FC5E2}
		{BB5168FF-A07B-4856-8FAF-A4874D36DE59}.24 = {77A8F157-4E37-4021-8D09-BCFF04F0CAC1}
		{BB5168FF-A07B-4856-8FAF-A4874D36DE59}.25 = {D80FB8DE-6DF5-4666-B4A2-E9E4223A03FF}
		{BB5168FF-A07B-4856-8FAF-A4874D36DE59}.26 = {E3AC4151-CA69-4A45-88C0-08BBCBBA44A0}
		{BB5168FF-A07B-4856-8FAF-A4874D36DE59}.27 = {2072863E-07BD-428D-BAFA-C6F5CD02204E}
		{A128F4EC-4BF1-4CC4-AE28-BD3681D51C71}.0 = {30ED8593-6AEF-49B4-BCDF-CC7824B07150}
		{A128F4EC-4BF1-4CC4-AE28-BD3681D51C71}.1 = {06C5FEA3-6EA3-4085-987A-7F8092F51A20}
		{A128F4EC-4BF1-4CC4-AE28-BD3681D51C71}.2 = {D37FBD70-B51A-45A3-AB99-87390DD5DC13}
		{A128F4EC-4BF1-4CC4-AE28-BD3681D51C71}.3 = {F26138CA-140D-4CB4-A5F2-BAC0C90F4A1A}
		{A128F4EC-4BF1-4CC4-AE28-BD3681D51C71}.4 = {2ED67066-BF1F-43B6-9908-A3A136B5022C}
		{A128F4EC-4BF1-4CC4-AE28-BD3681D51C71}.5 = {83F467D0-0E54-4259-975D-4B6DA61DFC00}
		{A128F4EC-4BF1-4CC4-AE28-BD3681D51C71}.6 = {42F8E7F8-2A4F-4CCA-A539-29714326C74F}
		{A128F4EC-4BF1-4CC4-AE28-BD3681D51C71}.7 = {E4B13D47-C0D3-462C-BE6C-9F7B0563F216}
		{A128F4EC-4BF1-4CC4-AE28-BD3681D51C71}.8 = {A7B76524-E453-4569-A728-5ECD93949893}
		{A128F4EC-4BF1-4CC4-AE28-BD3681D51C71}.9 = {55A8224A-7F48-42BD-B51B-0C640F365B7A}
		{A128F4EC-4BF1-4CC4-AE28-BD3681D51C71}.10 = {223C3BE3-D8A4-4B38-A48A-D63C3211C7D3}
		{A128F4EC-4BF1-4CC4-AE28-BD3681D51C71}.11 = {6860EB49-9991-45AC-83CE-1462AD7E69F0}
		{A128F4EC-4BF1-4CC4-AE28-BD3681D51C71}.12 = {4D4CE72B-25C2-4AD4-B914-4D6FE9B21FB9}
		{A128F4EC-4BF1-4CC4-AE28-BD3681D51C71}.13 = {296EB50E-B452-4AEE-BAD8-DD9525458F58}
		{A128F4EC-4BF1-4CC4-AE28-BD3681D51C71}.14 = {D5D57B4B-3748-456C-9979-C4621C09C9DA}
		{099764FF-5E0F-465E-89EA-BC1C7B257C9C}.0 = {30ED8593-6AEF-49B4-BCDF-CC7824B07150}
		{099764FF-5E0F-465E-89EA-BC1C7B257C9C}.1 = {06C5FEA3-6EA3-4085-987A-7F8092F51A20}
		{099764FF-5E0F-465E-89EA-BC1C7B257C9C}.2 = {D37FBD70-B51A-45A3-AB99-87390DD5DC13}
		{099764FF-5E0F-465E-89EA-BC1C7B257C9C}.3 = {F26138CA-140D-4CB4-A5F2-BAC0C90F4A1A}
		{099764FF-5E0F-465E-89EA-BC1C7B257C9C}.4 = {2ED67066-BF1F-43B6-9908-A3A136B5022C}
		{099764FF-5E0F-465E-89EA-BC1C7B257C9C}.5 = {83F467D0-0E54-4259-975D-4B6DA61DFC00}
		{099764FF-5E0F-465E-89EA-BC1C7B257C9C}.6 = {42F8E7F8-2A4F-4CCA-A539-29714326C74F}
		{099764FF-5E0F-465E-89EA-BC1C7B257C9C}.7 = {E4B13D47-C0D3-462C-BE6C-9F7B0563F216}
		{099764FF-5E0F-465E-89EA-BC1C7B257C9C}.8 = {A7B76524-E453-4569-A728-5ECD93949893}
		{099764FF-5E0F-465E-89EA-BC1C7B257C9C}.9 = {55A8224A-7F48-42BD-B51B-0C640F365B7A}
		{099764FF-5E0F-465E-89EA-BC1C7B257C9C}.10 = {223C3BE3-D8A4-4B38-A48A-D63C3211C7D3}
		{099764FF-5E0F-465E-89EA-BC1C7B257C9C}.11 = {6860EB49-9991-45AC-83CE-1462AD7E69F0}
		{099764FF-5E0F-465E-89EA-BC1C7B257C9C}.12 = {4D4CE72B-25C2-4AD4-B914-4D6FE9B21FB9}
		{099764FF-5E0F-465E-89EA-BC1C7B257C9C}.13 = {296EB50E-B452-4AEE-BAD8-DD9525458F58}
		{099764FF-5E0F-465E-89EA-BC1C7B257C9C}.14 = {D5D57B4B-3748-456C-9979-C4621C09C9DA}
		{0D48CD90-4B24-4D87-B23A-93D67CE9C1C9}.0 = {30ED8593-6AEF-49B4-BCDF-CC7824B07150}
		{0D48CD90-4B24-4D87-B23A-93D67CE9C1C9}.1 = {06C5FEA3-6EA3-4085-987A-7F8092F51A20}
		{0D48CD90-4B24-4D87-B23A-93D67CE9C1C9}.2 = {D37FBD70-B51A-45A3-AB99-87390DD5DC13}
		{0D48CD90-4B24-4D87-B23A-93D67CE9C1C9}.3 = {F26138CA-140D-4CB4-A5F2-BAC0C90F4A1A}
		{0D48CD90-4B24-4D87-B23A-93D67CE9C1C9}.4 = {2ED67066-BF1F-43B6-9908-A3A136B5022C}
		{0D48CD90-4B24-4D87-B23A-93D67CE9C1C9}.5 = {83F467D0-0E54-4259-975D-4B6DA61DFC00}
		{0D48CD90-4B24-4D87-B23A-93D67CE9C1C9}.6 = {42F8E7F8-2A4F-4CCA-A539-29714326C74F}
		{0D48CD90-4B24-4D87-B23A-93D67CE9C1C9}.7 = {E4B13D47-C0D3-462C-BE6C-9F7B0563F216}
		{0D48CD90-4B24-4D87-B23A-93D67CE9C1C9}.8 = {A7B76524-E453-4569-A728-5ECD93949893}
		{0D48CD90-4B24-4D87-B23A-93D67CE9C1C9}.9 = {55A8224A-7F48-42BD-B51B-0C640F365B7A}
		{0D48CD90-4B24-4D87-B23A-93D67CE9C1C9}.10 = {223C3BE3-D8A4-4B38-A48A-D63C3211C7D3}
		{0D48CD90-4B24-4D87-B23A-93D67CE9C1C9}.11 = {6860EB49-9991-45AC-83CE-1462AD7E69F0}
		{0D48CD90-4B24-4D87-B23A-93D67CE9C1C9}.12 = {4D4CE72B-25C2-4AD4-B914-4D6FE9B21FB9}
		{0D48CD90-4B24-4D87-B23A-93D67CE9C1C9}.13 = {296EB50E-B452-4AEE-BAD8-DD9525458F58}
		{0D48CD90-4B24-4D87-B23A-93D67CE9C1C9}.14 = {D5D57B4B-3748-456C-9979-C4621C09C9DA}
		{16907601-4559-4342-B144-575B738EAA76}.0 = {30ED8593-6AEF-49B4-BCDF-CC7824B07150}
		{16907601-4559-4342-B144-575B738EAA76}.1 = {06C5FEA3-6EA3-4085-987A-7F8092F51A20}
		{16907601-4559-4342-B144-575B738EAA76}.2 = {D37FBD70-B51A-45A3-AB99-87390DD5DC13}
		{16907601-4559-4342-B144-575B738EAA76}.3 = {F26138CA-140D-4CB4-A5F2-BAC0C90F4A1A}
		{16907601-4559-4342-B144-575B738EAA76}.4 = {2ED67066-BF1F-43B6-9908-A3A136B5022C}
		{16907601-4559-4342-B144-575B738EAA76}.5 = {83F467D0-0E54-4259-975D-4B6DA61DFC00}
		{16907601-4559-4342-B144-575B738EAA76}.6 = {42F8E7F8-2A4F-4CCA-A539-29714326C74F}
		{16907601-4559-4342-B144-575B738EAA76}.7 = {E4B13D47-C0D3-462C-BE6C-9F7B0563F216}
		{16907601-4559-4342-B144-575B738EAA76}.8 = {A7B76524-E453-4569-A728-5ECD93949893}
		{16907601-4559-4342-B144-575B738EAA76}.9 = {55A8224A-7F48-42BD-B51B-0C640F365B7A}
		{16907601-4559-4342-B144-575B738EAA76}.10 = {223C3BE3-D8A4-4B38-A48A-D63C3211C7D3}
		{16907601-4559-4342-B144-575B738EAA76}.11 = {6860EB49-9991-45AC-83CE-1462AD7E69F0}
		{16907601-4559-4342-B144-575B738EAA76}.12 = {4D4CE72B-25C2-4AD4-B914-4D6FE9B21FB9}
		{16907601-4559-4342-B144-575B738EAA76}.13 = {296EB50E-B452-4AEE-BAD8-DD9525458F58}
		{16907601-4559-4342-B144-575B738EAA76}.14 = {D5D57B4B-3748-456C-9979-C4621C09C9DA}
		{ABC04303-0C46-45C7-8786-7366377FBE0C}.0 = {30ED8593-6AEF-49B4-BCDF-CC7824B07150}
		{ABC04303-0C46-45C7-8786-7366377FBE0C}.1 = {06C5FEA3-6EA3-4085-987A-7F8092F51A20}
		{ABC04303-0C46-45C7-8786-7366377FBE0C}.2 = {D37FBD70-B51A-45A3-AB99-87390DD5DC13}
		{ABC04303-0C46-45C7-8786-7366377FBE0C}.3 = {F26138CA-140D-4CB4-A5F2-BAC0C90F4A1A}
		{ABC04303-0C46-45C7-8786-7366377FBE0C}.4 = {2ED67066-BF1F-43B6-9908-A3A136B5022C}
		{ABC04303-0C46-45C7-8786-7366377FBE0C}.5 = {83F467D0-0E54-4259-975D-4B6DA61DFC00}
		{ABC04303-0C46-45C7-8786-7366377FBE0C}.6 = {42F8E7F8-2A4F-4CCA-A539-29714326C74F}
		{ABC04303-0C46-45C7-8786-7366377FBE0C}.7 = {E4B13D47-C0D3-462C-BE6C-9F7B0563F216}
		{ABC04303-0C46-45C7-8786-7366377FBE0C}.8 = {A7B76524-E453-4569-A728-5ECD93949893}
		{ABC04303-0C46-45C7-8786-7366377FBE0C}.9 = {55A8224A-7F48-42BD-B51B-0C640F365B7A}
		{ABC04303-0C46-45C7-8786-7366377FBE0C}.10 = {223C3BE3-D8A4-4B38-A48A-D63C3211C7D3}
		{ABC04303-0C46-45C7-8786-7366377FBE0C}.11 = {6860EB49-9991-45AC-83CE-1462AD7E69F0}
		{ABC04303-0C46-45C7-8786-7366377FBE0C}.12 = {4D4CE72B-25C2-4AD4-B914-4D6FE9B21FB9}
		{ABC04303-0C46-45C7-8786-7366377FBE0C}.13 = {296EB50E-B452-4AEE-BAD8-DD9525458F58}
		{ABC04303-0C46-45C7-8786-7366377FBE0C}.14 = {D5D57B4B-3748-456C-9979-C4621C09C9DA}
		{66FC1207-FD3B-40E4-96DD-DBC96AE768F3}.0 = {30ED8593-6AEF-49B4-BCDF-CC7824B07150}
		{66FC1207-FD3B-40E4-96DD-DBC96AE768F3}.1 = {06C5FEA3-6EA3-4085-987A-7F8092F51A20}
		{66FC1207-FD3B-40E4-96DD-DBC96AE768F3}.2 = {D37FBD70-B51A-45A3-AB99-87390DD5DC13}
		{66FC1207-FD3B-40E4-96DD-DBC96AE768F3}.3 = {F26138CA-140D-4CB4-A5F2-BAC0C90F4A1A}
		{66FC1207-FD3B-40E4-96DD-DBC96AE768F3}.4 = {2ED67066-BF1F-43B6-9908-A3A136B5022C}
		{66FC1207-FD3B-40E4-96DD-DBC96AE768F3}.5 = {83F467D0-0E54-4259-975D-4B6DA61DFC00}
		{66FC1207-FD3B-40E4-96DD-DBC96AE768F3}.6 = {42F8E7F8-2A4F-4CCA-A539-29714326C74F}
		{66FC1207-FD3B-40E4-96DD-DBC96AE768F3}.7 = {E4B13D47-C0D3-462C-BE6C-9F7B0563F216}
		{66FC1207-FD3B-40E4-96DD-DBC96AE768F3}.8 = {A7B76524-E453-4569-A728-5ECD93949893}
		{66FC1207-FD3B-40E4-96DD-DBC96AE768F3}.9 = {55A8224A-7F48-42BD-B51B-0C640F365B7A}
		{66FC1207-FD3B-40E4-96DD-DBC96AE768F3}.10 = {223C3BE3-D8A4-4B38-A48A-D63C3211C7D3}
		{66FC1207-FD3B-40E4-96DD-DBC96AE768F3}.11 = {6860EB49-9991-45AC-83CE-1462AD7E69F0}
		{66FC1207-FD3B-40E4-96DD-DBC96AE768F3}.12 = {4D4CE72B-25C2-4AD4-B914-4D6FE9B21FB9}
		{66FC1207-FD3B-40E4-96DD-DBC96AE768F3}.13 = {296EB50E-B452-4AEE-BAD8-DD9525458F58}
		{66FC1207-FD3B-40E4-96DD-DBC96AE768F3}.14 = {D5D57B4B-3748-456C-9979-C4621C09C9DA}
		{D6C181AF-ECDA-45D2-AD7F-FCBF3ADD427A}.0 = {30ED8593-6AEF-49B4-BCDF-CC7824B07150}
		{D6C181AF-ECDA-45D2-AD7F-FCBF3ADD427A}.1 = {06C5FEA3-6EA3-4085-987A-7F8092F51A20}
		{D6C181AF-ECDA-45D2-AD7F-FCBF3ADD427A}.2 = {D37FBD70-B51A-45A3-AB99-87390DD5DC13}
		{D6C181AF-ECDA-45D2-AD7F-FCBF3ADD427A}.3 = {F26138CA-140D-4CB4-A5F2-BAC0C90F4A1A}
		{D6C181AF-ECDA-45D2-AD7F-FCBF3ADD427A}.4 = {2ED67066-BF1F-43B6-9908-A3A136B5022C}
		{D6C181AF-ECDA-45D2-AD7F-FCBF3ADD427A}.5 = {83F467D0-0E54-4259-975D-4B6DA61DFC00}
		{D6C181AF-ECDA-45D2-AD7F-FCBF3ADD427A}.6 = {42F8E7F8-2A4F-4CCA-A539-29714326C74F}
		{D6C181AF-ECDA-45D2-AD7F-FCBF3ADD427A}.7 = {E4B13D47-C0D3-462C-BE6C-9F7B0563F216}
		{D6C181AF-ECDA-45D2-AD7F-FCBF3ADD427A}.8 = {A7B76524-E453-4569-A728-5ECD93949893}
		{D6C181AF-ECDA-45D2-AD7F-FCBF3ADD427A}.9 = {55A8224A-7F48-42BD-B51B-0C640F365B7A}
		{D6C181AF-ECDA-45D2-AD7F-FCBF3ADD427A}.10 = {223C3BE3-D8A4-4B38-A48A-D63C3211C7D3}
		{D6C181AF-ECDA-45D2-AD7F-FCBF3ADD427A}.11 = {6860EB49-9991-45AC-83CE-1462AD7E69F0}
		{D6C181AF-ECDA-45D2-AD7F-FCBF3ADD427A}.12 = {4D4CE72B-25C2-4AD4-B914-4D6FE9B21FB9}
		{D6C181AF-ECDA-45D2-AD7F-FCBF3ADD427A}.13 = {296EB50E-B452-4AEE-BAD8-DD9525458F58}
		{D6C181AF-ECDA-45D2-AD7F-FCBF3ADD427A}.14 = {D5D57B4B-3748-456C-9979-C4621C09C9DA}
		{E3A57654-A900-4736-9FFD-ED04930FC5E2}.0 = {30ED8593-6AEF-49B4-BCDF-CC7824B07150}
		{E3A57654-A900-4736-9FFD-ED04930FC5E2}.1 = {06C5FEA3-6EA3-4085-987A-7F8092F51A20}
		{E3A57654-A900-4736-9FFD-ED04930FC5E2}.2 = {D37FBD70-B51A-45A3-AB99-87390DD5DC13}
		{E3A57654-A900-4736-9FFD-ED04930FC5E2}.3 = {F26138CA-140D-4CB4-A5F2-BAC0C90F4A1A}
		{E3A57654-A900-4736-9FFD-ED04930FC5E2}.4 = {2ED67066-BF1F-43B6-9908-A3A136B5022C}
		{E3A57654-A900-4736-9FFD-ED04930FC5E2}.5 = {83F467D0-0E54-4259-975D-4B6DA61DFC00}
		{E3A57654-A900-4736-9FFD-ED04930FC5E2}.6 = {42F8E7F8-2A4F-4CCA-A539-29714326C74F}
		{E3A57654-A900-4736-9FFD-ED04930FC5E2}.7 = {E4B13D47-C0D3-462C-BE6C-9F7B0563F216}
		{E3A57654-A900-4736-9FFD-ED04930FC5E2}.8 = {A7B76524-E453-4569-A728-5ECD93949893}
		{E3A57654-A900-4736-9FFD-ED04930FC5E2}.9 = {55A8224A-7F48-42BD-B51B-0C640F365B7A}
		{E3A57654-A900-4736-9FFD-ED04930FC5E2}.10 = {223C3BE3-D8A4-4B38-A48A-D63C3211C7D3}
		{E3A57654-A900-4736-9FFD-ED04930FC5E2}.11 = {6860EB49-9991-45AC-83CE-1462AD7E69F0}
		{E3A57654-A900-4736-9FFD-ED04930FC5E2}.12 = {4D4CE72B-25C2-4AD4-B914-4D6FE9B21FB9}
		{E3A57654-A900-4736-9FFD-ED04930FC5E2}.13 = {296EB50E-B452-4AEE-BAD8-DD9525458F58}
		{E3A57654-A900-4736-9FFD-ED04930FC5E2}.14 = {D5D57B4B-3748-456C-9979-C4621C09C9DA}
		{77A8F157-4E37-4021-8D09-BCFF04F0CAC1}.0 = {30ED8593-6AEF-49B4-BCDF-CC7824B07150}
		{77A8F157-4E37-4021-8D09-BCFF04F0CAC1}.1 = {06C5FEA3-6EA3-4085-987A-7F8092F51A20}
		{77A8F157-4E37-4021-8D09-BCFF04F0CAC1}.2 = {D37FBD70-B51A-45A3-AB99-87390DD5DC13}
		{77A8F157-4E37-4021-8D09-BCFF04F0CAC1}.3 = {F26138CA-140D-4CB4-A5F2-BAC0C90F4A1A}
		{77A8F157-4E37-4021-8D09-BCFF04F0CAC1}.4 = {2ED67066-BF1F-43B6-9908-A3A136B5022C}
		{77A8F157-4E37-4021-8D09-BCFF04F0CAC1}.5 = {83F467D0-0E54-4259-975D-4B6DA61DFC00}
		{77A8F157-4E37-4021-8D09-BCFF04F0CAC1}.6 = {42F8E7F8-2A4F-4CCA-A539-29714326C74F}
		{77A8F157-4E37-4021-8D09-BCFF04F0CAC1}.7 = {E4B13D47-C0D3-462C-BE6C-9F7B0563F216}
		{77A8F157-4E37-4021-8D09-BCFF04F0CAC1}.8 = {A7B76524-E453-4569-A728-5ECD93949893}
		{77A8F157-4E37-4021-8D09-BCFF04F0CAC1}.9 = {55A8224A-7F48-42BD-B51B-0C640F365B7A}
		{77A8F157-4E37-4021-8D09-BCFF04F0CAC1}.10 = {223C3BE3-D8A4-4B38-A48A-D63C3211C7D3}
		{77A8F157-4E37-4021-8D09-BCFF04F0CAC1}.11 = {6860EB49-9991-45AC-83CE-1462AD7E69F0}
		{77A8F157-4E37-4021-8D09-BCFF04F0CAC1}.12 = {4D4CE72B-25C2-4AD4-B914-4D6FE9B21FB9}
		{77A8F157-4E37-4021-8D09-BCFF04F0CAC1}.13 = {296EB50E-B452-4AEE-BAD8-DD9525458F58}
		{77A8F157-4E37-4021-8D09-BCFF04F0CAC1}.14 = {D5D57B4B-3748-456C-9979-C4621C09C9DA}
		{D80FB8DE-6DF5-4666-B4A2-E9E4223A03FF}.0 = {30ED8593-6AEF-49B4-BCDF-CC7824B07150}
		{D80FB8DE-6DF5-4666-B4A2-E9E4223A03FF}.1 = {06C5FEA3-6EA3-4085-987A-7F8092F51A20}
		{D80FB8DE-6DF5-4666-B4A2-E9E4223A03FF}.2 = {D37FBD70-B51A-45A3-AB99-87390DD5DC13}
		{D80FB8DE-6DF5-4666-B4A2-E9E4223A03FF}.3 = {F26138CA-140D-4CB4-A5F2-BAC0C90F4A1A}
		{D80FB8DE-6DF5-4666-B4A2-E9E4223A03FF}.4 = {2ED67066-BF1F-43B6-9908-A3A136B5022C}
		{D80FB8DE-6DF5-4666-B4A2-E9E4223A03FF}.5 = {83F467D0-0E54-4259-975D-4B6DA61DFC00}
		{D80FB8DE-6DF5-4666-B4A2-E9E4223A03FF}.6 = {42F8E7F8-2A4F-4CCA-A539-29714326C74F}
		{D80FB8DE-6DF5-4666-B4A2-E9E4223A03FF}.7 = {E4B13D47-C0D3-462C-BE6C-9F7B0563F216}
		{D80FB8DE-6DF5-4666-B4A2-E9E4223A03FF}.8 = {A7B76524-E453-4569-A728-5ECD93949893}
		{D80FB8DE-6DF5-4666-B4A2-E9E4223A03FF}.9 = {55A8224A-7F48-42BD-B51B-0C640F365B7A}
		{D80FB8DE-6DF5-4666-B4A2-E9E4223A03FF}.10 = {223C3BE3-D8A4-4B38-A48A-D63C3211C7D3}
		{D80FB8DE-6DF5-4666-B4A2-E9E4223A03FF}.11 = {6860EB49-9991-45AC-83CE-1462AD7E69F0}
		{D80FB8DE-6DF5-4666-B4A2-E9E4223A03FF}.12 = {4D4CE72B-25C2-4AD4-B914-4D6FE9B21FB9}
		{D80FB8DE-6DF5-4666-B4A2-E9E4223A03FF}.13 = {296EB50E-B452-4AEE-BAD8-DD9525458F58}
		{D80FB8DE-6DF5-4666-B4A2-E9E4223A03FF}.14 = {D5D57B4B-3748-456C-9979-C4621C09C9DA}
		{E3AC4151-CA69-4A45-88C0-08BBCBBA44A0}.0 = {30ED8593-6AEF-49B4-BCDF-CC7824B07150}
		{E3AC4151-CA69-4A45-88C0-08BBCBBA44A0}.1 = {06C5FEA3-6EA3-4085-987A-7F8092F51A20}
		{E3AC4151-CA69-4A45-88C0-08BBCBBA44A0}.2 = {D37FBD70-B51A-45A3-AB99-87390DD5DC13}
		{E3AC4151-CA69-4A45-88C0-08BBCBBA44A0}.3 = {F26138CA-140D-4CB4-A5F2-BAC0C90F4A1A}
		{E3AC4151-CA69-4A45-88C0-08BBCBBA44A0}.4 = {2ED67066-BF1F-43B6-9908-A3A136B5022C}
		{E3AC4151-CA69-4A45-88C0-08BBCBBA44A0}.5 = {83F467D0-0E54-4259-975D-4B6DA61DFC00}
		{E3AC4151-CA69-4A45-88C0-08BBCBBA44A0}.6 = {42F8E7F8-2A4F-4CCA-A539-29714326C74F}
		{E3AC4151-CA69-4A45-88C0-08BBCBBA44A0}.7 = {E4B13D47-C0D3-462C-BE6C-9F7B0563F216}
		{E3AC4151-CA69-4A45-88C0-08BBCBBA44A0}.8 = {A7B76524-E453-4569-A728-5ECD93949893}
		{E3AC4151-CA69-4A45-88C0-08BBCBBA44A0}.9 = {55A8224A-7F48-42BD-B51B-0C640F365B7A}
		{E3AC4151-CA69-4A45-88C0-08BBCBBA44A0}.10 = {223C3BE3-D8A4-4B38-A48A-D63C3211C7D3}
		{E3AC4151-CA69-4A45-88C0-08BBCBBA44A0}.11 = {6860EB49-9991-45AC-83CE-1462AD7E69F0}
		{E3AC4151-CA69-4A45-88C0-08BBCBBA44A0}.12 = {4D4CE72B-25C2-4AD4-B914-4D6FE9B21FB9}
		{E3AC4151-CA69-4A45-88C0-08BBCBBA44A0}.13 = {296EB50E-B452-4AEE-BAD8-DD9525458F58}
		{E3AC4151-CA69-4A45-88C0-08BBCBBA44A0}.14 = {D5D57B4B-3748-456C-9979-C4621C09C9DA}
		{2072863E-07BD-428D-BAFA-C6F5CD02204E}.0 = {30ED8593-6AEF-49B4-BCDF-CC7824B07150}
		{2072863E-07BD-428D-BAFA-C6F5CD02204E}.1 = {06C5FEA3-6EA3-4085-987A-7F8092F51A20}
		{2072863E-07BD-428D-BAFA-C6F5CD02204E}.2 = {D37FBD70-B51A-45A3-AB99-87390DD5DC13}
		{2072863E-07BD-428D-BAFA-C6F5CD02204E}.3 = {F26138CA-140D-4CB4-A5F2-BAC0C90F4A1A}
		{2072863E-07BD-428D-BAFA-C6F5CD02204E}.4 = {2ED67066-BF1F-43B6-9908-A3A136B5022C}
		{2072863E-07BD-428D-BAFA-C6F5CD02204E}.5 = {83F467D0-0E54-4259-975D-4B6DA61DFC00}
		{2072863E-07BD-428D-BAFA-C6F5CD02204E}.6 = {42F8E7F8-2A4F-4CCA-A539-29714326C74F}
		{2072863E-07BD-428D-BAFA-C6F5CD02204E}.7 = {E4B13D47-C0D3-462C-BE6C-9F7B0563F216}
		{2072863E-07BD-428D-BAFA-C6F5CD02204E}.8 = {A7B76524-E453-4569-A728-5ECD93949893}
		{2072863E-07BD-428D-BAFA-C6F5CD02204E}.9 = {55A8224A-7F48-42BD-B51B-0C640F365B7A}
		{2072863E-07BD-428D-BAFA-C6F5CD02204E}.10 = {223C3BE3-D8A4-4B38-A48A-D63C3211C7D3}
		{2072863E-07BD-428D-BAFA-C6F5CD02204E}.11 = {6860EB49-9991-45AC-83CE-1462AD7E69F0}
		{2072863E-07BD-428D-BAFA-C6F5CD02204E}.12 = {4D4CE72B-25C2-4AD4-B914-4D6FE9B21FB9}
		{2072863E-07BD-428D-BAFA-C6F5CD02204E}.13 = {296EB50E-B452-4AEE-BAD8-DD9525458F58}
		{2072863E-07BD-428D-BAFA-C6F5CD02204E}.14 = {D5D57B4B-3748-456C-9979-C4621C09C9DA}
		{2072863E-07BD-428D-BAFA-C6F5CD02204E}.15 = {01ABB967-4958-46DB-8EB5-D9FB799D8607}
	EndGlobalSection
	GlobalSection(ProjectConfiguration) = postSolution
		{BB5168FF-A07B-4856-8FAF-A4874D36DE59}.Debug.ActiveCfg = Debug|Win32
		{BB5168FF-A07B-4856-8FAF-A4874D36DE59}.Debug.Build.0 = Debug|Win32
		{BB5168FF-A07B-4856-8FAF-A4874D36DE59}.Release.ActiveCfg = Release|Win32
		{BB5168FF-A07B-4856-8FAF-A4874D36DE59}.Release.Build.0 = Release|Win32
		{06C5FEA3-6EA3-4085-987A-7F8092F51A20}.Debug.ActiveCfg = Debug|Win32
		{06C5FEA3-6EA3-4085-987A-7F8092F51A20}.Debug.Build.0 = Debug|Win32
		{06C5FEA3-6EA3-4085-987A-7F8092F51A20}.Release.ActiveCfg = Release|Win32
		{06C5FEA3-6EA3-4085-987A-7F8092F51A20}.Release.Build.0 = Release|Win32
		{F26138CA-140D-4CB4-A5F2-BAC0C90F4A1A}.Debug.ActiveCfg = Debug|Win32
		{F26138CA-140D-4CB4-A5F2-BAC0C90F4A1A}.Debug.Build.0 = Debug|Win32
		{F26138CA-140D-4CB4-A5F2-BAC0C90F4A1A}.Release.ActiveCfg = Release|Win32
		{F26138CA-140D-4CB4-A5F2-BAC0C90F4A1A}.Release.Build.0 = Release|Win32
		{2ED67066-BF1F-43B6-9908-A3A136B5022C}.Debug.ActiveCfg = Debug|Win32
		{2ED67066-BF1F-43B6-9908-A3A136B5022C}.Debug.Build.0 = Debug|Win32
		{2ED67066-BF1F-43B6-9908-A3A136B5022C}.Release.ActiveCfg = Release|Win32
		{2ED67066-BF1F-43B6-9908-A3A136B5022C}.Release.Build.0 = Release|Win32
		{83F467D0-0E54-4259-975D-4B6DA61DFC00}.Debug.ActiveCfg = Debug|Win32
		{83F467D0-0E54-4259-975D-4B6DA61DFC00}.Debug.Build.0 = Debug|Win32
		{83F467D0-0E54-4259-975D-4B6DA61DFC00}.Release.ActiveCfg = Release|Win32
		{83F467D0-0E54-4259-975D-4B6DA61DFC00}.Release.Build.0 = Release|Win32
		{D37FBD70-B51A-45A3-AB99-87390DD5DC13}.Debug.ActiveCfg = Debug|Win32
		{D37FBD70-B51A-45A3-AB99-87390DD5DC13}.Debug.Build.0 = Debug|Win32
		{D37FBD70-B51A-45A3-AB99-87390DD5DC13}.Release.ActiveCfg = Release|Win32
		{D37FBD70-B51A-45A3-AB99-87390DD5DC13}.Release.Build.0 = Release|Win32
		{42F8E7F8-2A4F-4CCA-A539-29714326C74F}.Debug.ActiveCfg = Debug|Win32
		{42F8E7F8-2A4F-4CCA-A539-29714326C74F}.Debug.Build.0 = Debug|Win32
		{42F8E7F8-2A4F-4CCA-A539-29714326C74F}.Release.ActiveCfg = Release|Win32
		{42F8E7F8-2A4F-4CCA-A539-29714326C74F}.Release.Build.0 = Release|Win32
		{E4B13D47-C0D3-462C-BE6C-9F7B0563F216}.Debug.ActiveCfg = Debug|Win32
		{E4B13D47-C0D3-462C-BE6C-9F7B0563F216}.Debug.Build.0 = Debug|Win32
		{E4B13D47-C0D3-462C-BE6C-9F7B0563F216}.Release.ActiveCfg = Release|Win32
		{E4B13D47-C0D3-462C-BE6C-9F7B0563F216}.Release.Build.0 = Release|Win32
		{D5D57B4B-3748-456C-9979-C4621C09C9DA}.Debug.ActiveCfg = Debug|Win32
		{D5D57B4B-3748-456C-9979-C4621C09C9DA}.Debug.Build.0 = Debug|Win32
		{D5D57B4B-3748-456C-9979-C4621C09C9DA}.Release.ActiveCfg = Release|Win32
		{D5D57B4B-3748-456C-9979-C4621C09C9DA}.Release.Build.0 = Release|Win32
		{01ABB967-4958-46DB-8EB5-D9FB799D8607}.Debug.ActiveCfg = Debug|Win32
		{01ABB967-4958-46DB-8EB5-D9FB799D8607}.Debug.Build.0 = Debug|Win32
		{01ABB967-4958-46DB-8EB5-D9FB799D8607}.Release.ActiveCfg = Release|Win32
		{01ABB967-4958-46DB-8EB5-D9FB799D8607}.Release.Build.0 = Release|Win32
		{A7B76524-E453-4569-A728-5ECD93949893}.Debug.ActiveCfg = Debug|Win32
		{A7B76524-E453-4569-A728-5ECD93949893}.Debug.Build.0 = Debug|Win32
		{A7B76524-E453-4569-A728-5ECD93949893}.Release.ActiveCfg = Release|Win32
		{A7B76524-E453-4569-A728-5ECD93949893}.Release.Build.0 = Release|Win32
		{55A8224A-7F48-42BD-B51B-0C640F365B7A}.Debug.ActiveCfg = Debug|Win32
		{55A8224A-7F48-42BD-B51B-0C640F365B7A}.Debug.Build.0 = Debug|Win32
		{55A8224A-7F48-42BD-B51B-0C640F365B7A}.Release.ActiveCfg = Release|Win32
		{55A8224A-7F48-42BD-B51B-0C640F365B7A}.Release.Build.0 = Release|Win32
		{223C3BE3-D8A4-4B38-A48A-D63C3211C7D3}.Debug.ActiveCfg = Debug|Win32
		{223C3BE3-D8A4-4B38-A48A-D63C3211C7D3}.Debug.Build.0 = Debug|Win32
		{223C3BE3-D8A4-4B38-A48A-D63C3211C7D3}.Release.ActiveCfg = Release|Win32
		{223C3BE3-D8A4-4B38-A48A-D63C3211C7D3}.Release.Build.0 = Release|Win32
		{6860EB49-9991-45AC-83CE-1462AD7E69F0}.Debug.ActiveCfg = Debug|Win32
		{6860EB49-9991-45AC-83CE-1462AD7E69F0}.Debug.Build.0 = Debug|Win32
		{6860EB49-9991-45AC-83CE-1462AD7E69F0}.Release.ActiveCfg = Release|Win32
		{6860EB49-9991-45AC-83CE-1462AD7E69F0}.Release.Build.0 = Release|Win32
		{4D4CE72B-25C2-4AD4-B914-4D6FE9B21FB9}.Debug.ActiveCfg = Debug|Win32
		{4D4CE72B-25C2-4AD4-B914-4D6FE9B21FB9}.Debug.Build.0 = Debug|Win32
		{4D4CE72B-25C2-4AD4-B914-4D6FE9B21FB9}.Release.ActiveCfg = Release|Win32
		{4D4CE72B-25C2-4AD4-B914-4D6FE9B21FB9}.Release.Build.0 = Release|Win32
		{30ED8593-6AEF-49B4-BCDF-CC7824B07150}.Debug.ActiveCfg = Debug|Win32
		{30ED8593-6AEF-49B4-BCDF-CC7824B07150}.Debug.Build.0 = Debug|Win32
		{30ED8593-6AEF-49B4-BCDF-CC7824B07150}.Release.ActiveCfg = Release|Win32
		{30ED8593-6AEF-49B4-BCDF-CC7824B07150}.Release.Build.0 = Release|Win32
		{296EB50E-B452-4AEE-BAD8-DD9525458F58}.Debug.ActiveCfg = Debug|Win32
		{296EB50E-B452-4AEE-BAD8-DD9525458F58}.Debug.Build.0 = Debug|Win32
		{296EB50E-B452-4AEE-BAD8-DD9525458F58}.Release.ActiveCfg = Release|Win32
		{296EB50E-B452-4AEE-BAD8-DD9525458F58}.Release.Build.0 = Release|Win32
		{A128F4EC-4BF1-4CC4-AE28-BD3681D51C71}.Debug.ActiveCfg = Debug|Win32
		{A128F4EC-4BF1-4CC4-AE28-BD3681D51C71}.Debug.Build.0 = Debug|Win32
		{A128F4EC-4BF1-4CC4-AE28-BD3681D51C71}.Release.ActiveCfg = Release|Win32
		{A128F4EC-4BF1-4CC4-AE28-BD3681D51C71}.Release.Build.0 = Release|Win32
		{099764FF-5E0F-465E-89EA-BC1C7B257C9C}.Debug.ActiveCfg = Debug|Win32
		{099764FF-5E0F-465E-89EA-BC1C7B257C9C}.Debug.Build.0 = Debug|Win32
		{099764FF-5E0F-465E-89EA-BC1C7B257C9C}.Release.ActiveCfg = Release|Win32
		{099764FF-5E0F-465E-89EA-BC1C7B257C9C}.Release.Build.0 = Release|Win32
		{0D48CD90-4B24-4D87-B23A-93D67CE9C1C9}.Debug.ActiveCfg = Debug|Win32
		{0D48CD90-4B24-4D87-B23A-93D67CE9C1C9}.Debug.Build.0 = Debug|Win32
		{0D48CD90-4B24-4D87-B23A-93D67CE9C1C9}.Release.ActiveCfg = Release|Win32
		{0D48CD90-4B24-4D87-B23A-93D67CE9C1C9}.Release.Build.0 = Release|Win32
		{16907601-4559-4342-B144-575B738EAA76}.Debug.ActiveCfg = Debug|Win32
		{16907601-4559-4342-B144-575B738EAA76}.Debug.Build.0 = Debug|Win32
		{16907601-4559-4342-B144-575B738EAA76}.Release.ActiveCfg = Release|Win32
		{16907601-4559-4342-B144-575B738EAA76}.Release.Build.0 = Release|Win32
		{ABC04303-0C46-45C7-8786-7366377FBE0C}.Debug.ActiveCfg = Debug|Win32
		{ABC04303-0C46-45C7-8786-7366377FBE0C}.Debug.Build.0 = Debug|Win32
		{ABC04303-0C46-45C7-8786-7366377FBE0C}.Release.ActiveCfg = Release|Win32
		{ABC04303-0C46-45C7-8786-7366377FBE0C}.Release.Build.0 = Release|Win32
		{66FC1207-FD3B-40E4-96DD-DBC96AE768F3}.Debug.ActiveCfg = Debug|Win32
		{66FC1207-FD3B-40E4-96DD-DBC96AE768F3}.Debug.Build.0 = Debug|Win32
		{66FC1207-FD3B-40E4-96DD-DBC96AE768F3}.Release.ActiveCfg = Release|Win32
		{66FC1207-FD3B-40E4-96DD-DBC96AE768F3}.Release.Build.0 = Release|Win32
		{D6C181AF-ECDA-45D2-AD7F-FCBF3ADD427A}.Debug.ActiveCfg = Debug|Win32
		{D6C181AF-ECDA-45D2-AD7F-FCBF3ADD427A}.Debug.Build.0 = Debug|Win32
		{D6C181AF-ECDA-45D2-AD7F-FCBF3ADD427A}.Release.ActiveCfg = Release|Win32
		{D6C181AF-ECDA-45D2-AD7F-FCBF3ADD427A}.Release.Build.0 = Release|Win32
		{E3A57654-A900-4736-9FFD-ED04930FC5E2}.Debug.ActiveCfg = Debug|Win32
		{E3A57654-A900-4736-9FFD-ED04930FC5E2}.Debug.Build.0 = Debug|Win32
		{E3A57654-A900-4736-9FFD-ED04930FC5E2}.Release.ActiveCfg = Release|Win32
		{E3A57654-A900-4736-9FFD-ED04930FC5E2}.Release.Build.0 = Release|Win32
		{77A8F157-4E37-4021-8D09-BCFF04F0CAC1}.Debug.ActiveCfg = Debug|Win32
		{77A8F157-4E37-4021-8D09-BCFF04F0CAC1}.Debug.Build.0 = Debug|Win32
		{77A8F157-4E37-4021-8D09-BCFF04F0CAC1}.Release.ActiveCfg = Release|Win32
		{77A8F157-4E37-4021-8D09-BCFF04F0CAC1}.Release.Build.0 = Release|Win32
		{D80FB8DE-6DF5-4666-B4A2-E9E4223A03FF}.Debug.ActiveCfg = Debug|Win32
		{D80FB8DE-6DF5-4666-B4A2-E9E4223A03FF}.Debug.Build.0 = Debug|Win32
		{D80FB8DE-6DF5-4666-B4A2-E9E4223A03FF}.Release.ActiveCfg = Release|Win32
		{D80FB8DE-6DF5-4666-B4A2-E9E4223A03FF}.Release.Build.0 = Release|Win32
		{E3AC4151-CA69-4A45-88C0-08BBCBBA44A0}.Debug.ActiveCfg = Debug|Win32
		{E3AC4151-CA69-4A45-88C0-08BBCBBA44A0}.Debug.Build.0 = Debug|Win32
		{E3AC4151-CA69-4A45-88C0-08BBCBBA44A0}.Release.ActiveCfg = Release|Win32
		{E3AC4151-CA69-4A45-88C0-08BBCBBA44A0}.Release.Build.0 = Release|Win32
		{2072863E-07BD-428D-BAFA-C6F5CD02204E}.Debug.ActiveCfg = Debug|Win32
		{2072863E-07BD-428D-BAFA-C6F5CD02204E}.Debug.Build.0 = Debug|Win32
		{2072863E-07BD-428D-BAFA-C6F5CD02204E}.Release.ActiveCfg = Release|Win32
		{2072863E-07BD-428D-BAFA-C6F5CD02204E}.Release.Build.0 = Release|Win32
	EndGlobalSection
	GlobalSection(ExtensibilityGlobals) = postSolution
	EndGlobalSection
	GlobalSection(ExtensibilityAddIns) = postSolution
	EndGlobalSection
EndGlobal
